
Microsoft Visual Studio Solution File, Format Version 12.00
# Visual Studio Version 17
VisualStudioVersion = 17.13.35931.197
MinimumVisualStudioVersion = 10.0.40219.1
Project("{FAE04EC0-301F-11D3-BF4B-00C04F79EFBC}") = "AMSupplement.Domain", "AMSupplement.Domain\AMSupplement.Domain.csproj", "{BDCB005C-68D1-41BD-9A70-6B4709ACAE4E}"
	ProjectSection(ProjectDependencies) = postProject
		{FD138638-88D2-4881-9E51-F857EBDB932D} = {FD138638-88D2-4881-9E51-F857EBDB932D}
	EndProjectSection
EndProject
Project("{FAE04EC0-301F-11D3-BF4B-00C04F79EFBC}") = "AM-Sopplement.DataAccess", "AM-Sopplement.DataAccess\AM-Sopplement.DataAccess.csproj", "{04F28761-FC42-435F-8189-44DF3C2D21E2}"
	ProjectSection(ProjectDependencies) = postProject
		{BDCB005C-68D1-41BD-9A70-6B4709ACAE4E} = {BDCB005C-68D1-41BD-9A70-6B4709ACAE4E}
		{FD138638-88D2-4881-9E51-F857EBDB932D} = {FD138638-88D2-4881-9E51-F857EBDB932D}
	EndProjectSection
EndProject
Project("{FAE04EC0-301F-11D3-BF4B-00C04F79EFBC}") = "AM-Supplement.Application", "AM-Supplement.Application\AM-Supplement.Application.csproj", "{1E8982CD-25AE-4843-A6F1-17627E7C8700}"
	ProjectSection(ProjectDependencies) = postProject
		{04F28761-FC42-435F-8189-44DF3C2D21E2} = {04F28761-FC42-435F-8189-44DF3C2D21E2}
		{50F70499-9C19-47AB-AFA3-8BC7DA11EA5D} = {50F70499-9C19-47AB-AFA3-8BC7DA11EA5D}
		{FD138638-88D2-4881-9E51-F857EBDB932D} = {FD138638-88D2-4881-9E51-F857EBDB932D}
	EndProjectSection
EndProject
Project("{FAE04EC0-301F-11D3-BF4B-00C04F79EFBC}") = "AM-Supplement.Shared", "AM-Supplement.Shared\AM-Supplement.Shared.csproj", "{FD138638-88D2-4881-9E51-F857EBDB932D}"
EndProject
Project("{FAE04EC0-301F-11D3-BF4B-00C04F79EFBC}") = "AM-Supplement.Contracts", "AM-Supplement.Contracts\AM-Supplement.Contracts.csproj", "{50F70499-9C19-47AB-AFA3-8BC7DA11EA5D}"
EndProject
Project("{FAE04EC0-301F-11D3-BF4B-00C04F79EFBC}") = "AM-Supplement.Presentation", "AM-Supplement.Presentation\AM-Supplement.Presentation.csproj", "{9B74D786-825A-4AA5-B08A-420F3D0227DA}"
	ProjectSection(ProjectDependencies) = postProject
		{50F70499-9C19-47AB-AFA3-8BC7DA11EA5D} = {50F70499-9C19-47AB-AFA3-8BC7DA11EA5D}
	EndProjectSection
EndProject
Project("{2150E333-8FDC-42A3-9474-1A3956D46DE8}") = "Solution Items", "Solution Items", "{8EC462FD-D22E-90A8-E5CE-7E832BA40C5D}"
	ProjectSection(SolutionItems) = preProject
		.editorconfig = .editorconfig
		Readme.md = Readme.md
	EndProjectSection
EndProject
Project("{FAE04EC0-301F-11D3-BF4B-00C04F79EFBC}") = "AM-Supplement.Dashboard", "AM-Supplement.Dashboard\AM-Supplement.Dashboard.csproj", "{FEE800C1-08AC-400D-82EA-62F2C872ACEB}"
EndProject
Global
	GlobalSection(SolutionConfigurationPlatforms) = preSolution
		Debug|Any CPU = Debug|Any CPU
		Release|Any CPU = Release|Any CPU
	EndGlobalSection
	GlobalSection(ProjectConfigurationPlatforms) = postSolution
		{BDCB005C-68D1-41BD-9A70-6B4709ACAE4E}.Debug|Any CPU.ActiveCfg = Debug|Any CPU
		{BDCB005C-68D1-41BD-9A70-6B4709ACAE4E}.Debug|Any CPU.Build.0 = Debug|Any CPU
		{BDCB005C-68D1-41BD-9A70-6B4709ACAE4E}.Release|Any CPU.ActiveCfg = Release|Any CPU
		{BDCB005C-68D1-41BD-9A70-6B4709ACAE4E}.Release|Any CPU.Build.0 = Release|Any CPU
		{04F28761-FC42-435F-8189-44DF3C2D21E2}.Debug|Any CPU.ActiveCfg = Debug|Any CPU
		{04F28761-FC42-435F-8189-44DF3C2D21E2}.Debug|Any CPU.Build.0 = Debug|Any CPU
		{04F28761-FC42-435F-8189-44DF3C2D21E2}.Release|Any CPU.ActiveCfg = Release|Any CPU
		{04F28761-FC42-435F-8189-44DF3C2D21E2}.Release|Any CPU.Build.0 = Release|Any CPU
		{1E8982CD-25AE-4843-A6F1-17627E7C8700}.Debug|Any CPU.ActiveCfg = Debug|Any CPU
		{1E8982CD-25AE-4843-A6F1-17627E7C8700}.Debug|Any CPU.Build.0 = Debug|Any CPU
		{1E8982CD-25AE-4843-A6F1-17627E7C8700}.Release|Any CPU.ActiveCfg = Release|Any CPU
		{1E8982CD-25AE-4843-A6F1-17627E7C8700}.Release|Any CPU.Build.0 = Release|Any CPU
		{FD138638-88D2-4881-9E51-F857EBDB932D}.Debug|Any CPU.ActiveCfg = Debug|Any CPU
		{FD138638-88D2-4881-9E51-F857EBDB932D}.Debug|Any CPU.Build.0 = Debug|Any CPU
		{FD138638-88D2-4881-9E51-F857EBDB932D}.Release|Any CPU.ActiveCfg = Release|Any CPU
		{FD138638-88D2-4881-9E51-F857EBDB932D}.Release|Any CPU.Build.0 = Release|Any CPU
		{50F70499-9C19-47AB-AFA3-8BC7DA11EA5D}.Debug|Any CPU.ActiveCfg = Debug|Any CPU
		{50F70499-9C19-47AB-AFA3-8BC7DA11EA5D}.Debug|Any CPU.Build.0 = Debug|Any CPU
		{50F70499-9C19-47AB-AFA3-8BC7DA11EA5D}.Release|Any CPU.ActiveCfg = Release|Any CPU
		{50F70499-9C19-47AB-AFA3-8BC7DA11EA5D}.Release|Any CPU.Build.0 = Release|Any CPU
		{9B74D786-825A-4AA5-B08A-420F3D0227DA}.Debug|Any CPU.ActiveCfg = Debug|Any CPU
		{9B74D786-825A-4AA5-B08A-420F3D0227DA}.Debug|Any CPU.Build.0 = Debug|Any CPU
		{9B74D786-825A-4AA5-B08A-420F3D0227DA}.Release|Any CPU.ActiveCfg = Release|Any CPU
		{9B74D786-825A-4AA5-B08A-420F3D0227DA}.Release|Any CPU.Build.0 = Release|Any CPU
		{FEE800C1-08AC-400D-82EA-62F2C872ACEB}.Debug|Any CPU.ActiveCfg = Debug|Any CPU
		{FEE800C1-08AC-400D-82EA-62F2C872ACEB}.Debug|Any CPU.Build.0 = Debug|Any CPU
		{FEE800C1-08AC-400D-82EA-62F2C872ACEB}.Release|Any CPU.ActiveCfg = Release|Any CPU
		{FEE800C1-08AC-400D-82EA-62F2C872ACEB}.Release|Any CPU.Build.0 = Release|Any CPU
	EndGlobalSection
	GlobalSection(SolutionProperties) = preSolution
		HideSolutionNode = FALSE
	EndGlobalSection
	GlobalSection(ExtensibilityGlobals) = postSolution
		SolutionGuid = {E4EE5AE8-104C-4F2C-8713-EFC99281705C}
	EndGlobalSection
EndGlobal
